
Microsoft Visual Studio Solution File, Format Version 12.00
# Visual Studio 15
VisualStudioVersion = 15.0.28307.102
MinimumVisualStudioVersion = 10.0.40219.1
Project("{FAE04EC0-301F-11D3-BF4B-00C04F79EFBC}") = "WindowsFormsApp1", "WindowsFormsApp1\WindowsFormsApp1.csproj", "{14535321-3E14-4723-88CA-B86CE8D3F44A}"
EndProject
Global
	GlobalSection(SolutionConfigurationPlatforms) = preSolution
		Debug|Any CPU = Debug|Any CPU
		Release|Any CPU = Release|Any CPU
	EndGlobalSection
	GlobalSection(ProjectConfigurationPlatforms) = postSolution
		{14535321-3E14-4723-88CA-B86CE8D3F44A}.Debug|Any CPU.ActiveCfg = Debug|Any CPU
		{14535321-3E14-4723-88CA-B86CE8D3F44A}.Debug|Any CPU.Build.0 = Debug|Any CPU
		{14535321-3E14-4723-88CA-B86CE8D3F44A}.Release|Any CPU.ActiveCfg = Release|Any CPU
		{14535321-3E14-4723-88CA-B86CE8D3F44A}.Release|Any CPU.Build.0 = Release|Any CPU
	EndGlobalSection
	GlobalSection(SolutionProperties) = preSolution
		HideSolutionNode = FALSE
	EndGlobalSection
	GlobalSection(ExtensibilityGlobals) = postSolution
		SolutionGuid = {808381F5-8BEC-4AD3-8458-5271647A4B9D}
	EndGlobalSection
EndGlobal
