Microsoft Visual Studio Solution File, Format Version 12.00
# Visual Studio 15
Project("{2150E333-8FDC-42A3-9474-1A3956D46DE8}") = "CMake", "CMake", "{37884F8E-44DB-3BEA-A253-4A9565F30B20}"
EndProject
Project("{2150E333-8FDC-42A3-9474-1A3956D46DE8}") = "SFML", "SFML", "{082DDBB3-B5AC-3856-A435-53614CD14924}"
EndProject
Project("{8BC9CEB8-8B4A-11D0-8D11-00A0C91BC942}") = "ALL_BUILD", "ALL_BUILD.vcxproj", "{F159EBE9-580B-38D3-83AE-1743CA6556A6}"
	ProjectSection(ProjectDependencies) = postProject
		{B4E29D57-670F-3FED-924E-6A98FA05FB49} = {B4E29D57-670F-3FED-924E-6A98FA05FB49}
		{C64B742A-217B-3295-BE47-1651C69E6016} = {C64B742A-217B-3295-BE47-1651C69E6016}
		{E66B2B5B-F562-30C4-B648-99200002A8F4} = {E66B2B5B-F562-30C4-B648-99200002A8F4}
		{1B123430-362C-33BB-A08A-21E4ABB57BDF} = {1B123430-362C-33BB-A08A-21E4ABB57BDF}
		{494A7E2D-2259-33EE-9A4F-441EBB4B8AB2} = {494A7E2D-2259-33EE-9A4F-441EBB4B8AB2}
		{C373F7EC-20DA-3D38-A63E-17F536E596AC} = {C373F7EC-20DA-3D38-A63E-17F536E596AC}
		{10F6F565-BA71-3AAD-B662-353FC44AEA95} = {10F6F565-BA71-3AAD-B662-353FC44AEA95}
	EndProjectSection
EndProject
Project("{8BC9CEB8-8B4A-11D0-8D11-00A0C91BC942}") = "INSTALL", "INSTALL.vcxproj", "{5DC8492A-E7B9-3B03-8FBB-56C846FF0907}"
	ProjectSection(ProjectDependencies) = postProject
		{F159EBE9-580B-38D3-83AE-1743CA6556A6} = {F159EBE9-580B-38D3-83AE-1743CA6556A6}
		{B4E29D57-670F-3FED-924E-6A98FA05FB49} = {B4E29D57-670F-3FED-924E-6A98FA05FB49}
	EndProjectSection
EndProject
Project("{8BC9CEB8-8B4A-11D0-8D11-00A0C91BC942}") = "ZERO_CHECK", "ZERO_CHECK.vcxproj", "{B4E29D57-670F-3FED-924E-6A98FA05FB49}"
	ProjectSection(ProjectDependencies) = postProject
	EndProjectSection
EndProject
Project("{8BC9CEB8-8B4A-11D0-8D11-00A0C91BC942}") = "sfml-audio", "src\SFML\Audio\sfml-audio.vcxproj", "{C64B742A-217B-3295-BE47-1651C69E6016}"
	ProjectSection(ProjectDependencies) = postProject
		{B4E29D57-670F-3FED-924E-6A98FA05FB49} = {B4E29D57-670F-3FED-924E-6A98FA05FB49}
		{C373F7EC-20DA-3D38-A63E-17F536E596AC} = {C373F7EC-20DA-3D38-A63E-17F536E596AC}
	EndProjectSection
EndProject
Project("{8BC9CEB8-8B4A-11D0-8D11-00A0C91BC942}") = "sfml-graphics", "src\SFML\Graphics\sfml-graphics.vcxproj", "{E66B2B5B-F562-30C4-B648-99200002A8F4}"
	ProjectSection(ProjectDependencies) = postProject
		{B4E29D57-670F-3FED-924E-6A98FA05FB49} = {B4E29D57-670F-3FED-924E-6A98FA05FB49}
		{C373F7EC-20DA-3D38-A63E-17F536E596AC} = {C373F7EC-20DA-3D38-A63E-17F536E596AC}
		{10F6F565-BA71-3AAD-B662-353FC44AEA95} = {10F6F565-BA71-3AAD-B662-353FC44AEA95}
	EndProjectSection
EndProject
Project("{8BC9CEB8-8B4A-11D0-8D11-00A0C91BC942}") = "sfml-main", "src\SFML\Main\sfml-main.vcxproj", "{1B123430-362C-33BB-A08A-21E4ABB57BDF}"
	ProjectSection(ProjectDependencies) = postProject
		{B4E29D57-670F-3FED-924E-6A98FA05FB49} = {B4E29D57-670F-3FED-924E-6A98FA05FB49}
	EndProjectSection
EndProject
Project("{8BC9CEB8-8B4A-11D0-8D11-00A0C91BC942}") = "sfml-network", "src\SFML\Network\sfml-network.vcxproj", "{494A7E2D-2259-33EE-9A4F-441EBB4B8AB2}"
	ProjectSection(ProjectDependencies) = postProject
		{B4E29D57-670F-3FED-924E-6A98FA05FB49} = {B4E29D57-670F-3FED-924E-6A98FA05FB49}
		{C373F7EC-20DA-3D38-A63E-17F536E596AC} = {C373F7EC-20DA-3D38-A63E-17F536E596AC}
	EndProjectSection
EndProject
Project("{8BC9CEB8-8B4A-11D0-8D11-00A0C91BC942}") = "sfml-system", "src\SFML\System\sfml-system.vcxproj", "{C373F7EC-20DA-3D38-A63E-17F536E596AC}"
	ProjectSection(ProjectDependencies) = postProject
		{B4E29D57-670F-3FED-924E-6A98FA05FB49} = {B4E29D57-670F-3FED-924E-6A98FA05FB49}
	EndProjectSection
EndProject
Project("{8BC9CEB8-8B4A-11D0-8D11-00A0C91BC942}") = "sfml-window", "src\SFML\Window\sfml-window.vcxproj", "{10F6F565-BA71-3AAD-B662-353FC44AEA95}"
	ProjectSection(ProjectDependencies) = postProject
		{B4E29D57-670F-3FED-924E-6A98FA05FB49} = {B4E29D57-670F-3FED-924E-6A98FA05FB49}
		{C373F7EC-20DA-3D38-A63E-17F536E596AC} = {C373F7EC-20DA-3D38-A63E-17F536E596AC}
	EndProjectSection
EndProject
Global
	GlobalSection(SolutionConfigurationPlatforms) = preSolution
		Debug|x64 = Debug|x64
		Release|x64 = Release|x64
		MinSizeRel|x64 = MinSizeRel|x64
		RelWithDebInfo|x64 = RelWithDebInfo|x64
	EndGlobalSection
	GlobalSection(ProjectConfigurationPlatforms) = postSolution
		{F159EBE9-580B-38D3-83AE-1743CA6556A6}.Debug|x64.ActiveCfg = Debug|x64
		{F159EBE9-580B-38D3-83AE-1743CA6556A6}.Debug|x64.Build.0 = Debug|x64
		{F159EBE9-580B-38D3-83AE-1743CA6556A6}.Release|x64.ActiveCfg = Release|x64
		{F159EBE9-580B-38D3-83AE-1743CA6556A6}.Release|x64.Build.0 = Release|x64
		{F159EBE9-580B-38D3-83AE-1743CA6556A6}.MinSizeRel|x64.ActiveCfg = MinSizeRel|x64
		{F159EBE9-580B-38D3-83AE-1743CA6556A6}.MinSizeRel|x64.Build.0 = MinSizeRel|x64
		{F159EBE9-580B-38D3-83AE-1743CA6556A6}.RelWithDebInfo|x64.ActiveCfg = RelWithDebInfo|x64
		{F159EBE9-580B-38D3-83AE-1743CA6556A6}.RelWithDebInfo|x64.Build.0 = RelWithDebInfo|x64
		{5DC8492A-E7B9-3B03-8FBB-56C846FF0907}.Debug|x64.ActiveCfg = Debug|x64
		{5DC8492A-E7B9-3B03-8FBB-56C846FF0907}.Release|x64.ActiveCfg = Release|x64
		{5DC8492A-E7B9-3B03-8FBB-56C846FF0907}.MinSizeRel|x64.ActiveCfg = MinSizeRel|x64
		{5DC8492A-E7B9-3B03-8FBB-56C846FF0907}.RelWithDebInfo|x64.ActiveCfg = RelWithDebInfo|x64
		{B4E29D57-670F-3FED-924E-6A98FA05FB49}.Debug|x64.ActiveCfg = Debug|x64
		{B4E29D57-670F-3FED-924E-6A98FA05FB49}.Debug|x64.Build.0 = Debug|x64
		{B4E29D57-670F-3FED-924E-6A98FA05FB49}.Release|x64.ActiveCfg = Release|x64
		{B4E29D57-670F-3FED-924E-6A98FA05FB49}.Release|x64.Build.0 = Release|x64
		{B4E29D57-670F-3FED-924E-6A98FA05FB49}.MinSizeRel|x64.ActiveCfg = MinSizeRel|x64
		{B4E29D57-670F-3FED-924E-6A98FA05FB49}.MinSizeRel|x64.Build.0 = MinSizeRel|x64
		{B4E29D57-670F-3FED-924E-6A98FA05FB49}.RelWithDebInfo|x64.ActiveCfg = RelWithDebInfo|x64
		{B4E29D57-670F-3FED-924E-6A98FA05FB49}.RelWithDebInfo|x64.Build.0 = RelWithDebInfo|x64
		{C64B742A-217B-3295-BE47-1651C69E6016}.Debug|x64.ActiveCfg = Debug|x64
		{C64B742A-217B-3295-BE47-1651C69E6016}.Debug|x64.Build.0 = Debug|x64
		{C64B742A-217B-3295-BE47-1651C69E6016}.Release|x64.ActiveCfg = Release|x64
		{C64B742A-217B-3295-BE47-1651C69E6016}.Release|x64.Build.0 = Release|x64
		{C64B742A-217B-3295-BE47-1651C69E6016}.MinSizeRel|x64.ActiveCfg = MinSizeRel|x64
		{C64B742A-217B-3295-BE47-1651C69E6016}.MinSizeRel|x64.Build.0 = MinSizeRel|x64
		{C64B742A-217B-3295-BE47-1651C69E6016}.RelWithDebInfo|x64.ActiveCfg = RelWithDebInfo|x64
		{C64B742A-217B-3295-BE47-1651C69E6016}.RelWithDebInfo|x64.Build.0 = RelWithDebInfo|x64
		{E66B2B5B-F562-30C4-B648-99200002A8F4}.Debug|x64.ActiveCfg = Debug|x64
		{E66B2B5B-F562-30C4-B648-99200002A8F4}.Debug|x64.Build.0 = Debug|x64
		{E66B2B5B-F562-30C4-B648-99200002A8F4}.Release|x64.ActiveCfg = Release|x64
		{E66B2B5B-F562-30C4-B648-99200002A8F4}.Release|x64.Build.0 = Release|x64
		{E66B2B5B-F562-30C4-B648-99200002A8F4}.MinSizeRel|x64.ActiveCfg = MinSizeRel|x64
		{E66B2B5B-F562-30C4-B648-99200002A8F4}.MinSizeRel|x64.Build.0 = MinSizeRel|x64
		{E66B2B5B-F562-30C4-B648-99200002A8F4}.RelWithDebInfo|x64.ActiveCfg = RelWithDebInfo|x64
		{E66B2B5B-F562-30C4-B648-99200002A8F4}.RelWithDebInfo|x64.Build.0 = RelWithDebInfo|x64
		{1B123430-362C-33BB-A08A-21E4ABB57BDF}.Debug|x64.ActiveCfg = Debug|x64
		{1B123430-362C-33BB-A08A-21E4ABB57BDF}.Debug|x64.Build.0 = Debug|x64
		{1B123430-362C-33BB-A08A-21E4ABB57BDF}.Release|x64.ActiveCfg = Release|x64
		{1B123430-362C-33BB-A08A-21E4ABB57BDF}.Release|x64.Build.0 = Release|x64
		{1B123430-362C-33BB-A08A-21E4ABB57BDF}.MinSizeRel|x64.ActiveCfg = MinSizeRel|x64
		{1B123430-362C-33BB-A08A-21E4ABB57BDF}.MinSizeRel|x64.Build.0 = MinSizeRel|x64
		{1B123430-362C-33BB-A08A-21E4ABB57BDF}.RelWithDebInfo|x64.ActiveCfg = RelWithDebInfo|x64
		{1B123430-362C-33BB-A08A-21E4ABB57BDF}.RelWithDebInfo|x64.Build.0 = RelWithDebInfo|x64
		{494A7E2D-2259-33EE-9A4F-441EBB4B8AB2}.Debug|x64.ActiveCfg = Debug|x64
		{494A7E2D-2259-33EE-9A4F-441EBB4B8AB2}.Debug|x64.Build.0 = Debug|x64
		{494A7E2D-2259-33EE-9A4F-441EBB4B8AB2}.Release|x64.ActiveCfg = Release|x64
		{494A7E2D-2259-33EE-9A4F-441EBB4B8AB2}.Release|x64.Build.0 = Release|x64
		{494A7E2D-2259-33EE-9A4F-441EBB4B8AB2}.MinSizeRel|x64.ActiveCfg = MinSizeRel|x64
		{494A7E2D-2259-33EE-9A4F-441EBB4B8AB2}.MinSizeRel|x64.Build.0 = MinSizeRel|x64
		{494A7E2D-2259-33EE-9A4F-441EBB4B8AB2}.RelWithDebInfo|x64.ActiveCfg = RelWithDebInfo|x64
		{494A7E2D-2259-33EE-9A4F-441EBB4B8AB2}.RelWithDebInfo|x64.Build.0 = RelWithDebInfo|x64
		{C373F7EC-20DA-3D38-A63E-17F536E596AC}.Debug|x64.ActiveCfg = Debug|x64
		{C373F7EC-20DA-3D38-A63E-17F536E596AC}.Debug|x64.Build.0 = Debug|x64
		{C373F7EC-20DA-3D38-A63E-17F536E596AC}.Release|x64.ActiveCfg = Release|x64
		{C373F7EC-20DA-3D38-A63E-17F536E596AC}.Release|x64.Build.0 = Release|x64
		{C373F7EC-20DA-3D38-A63E-17F536E596AC}.MinSizeRel|x64.ActiveCfg = MinSizeRel|x64
		{C373F7EC-20DA-3D38-A63E-17F536E596AC}.MinSizeRel|x64.Build.0 = MinSizeRel|x64
		{C373F7EC-20DA-3D38-A63E-17F536E596AC}.RelWithDebInfo|x64.ActiveCfg = RelWithDebInfo|x64
		{C373F7EC-20DA-3D38-A63E-17F536E596AC}.RelWithDebInfo|x64.Build.0 = RelWithDebInfo|x64
		{10F6F565-BA71-3AAD-B662-353FC44AEA95}.Debug|x64.ActiveCfg = Debug|x64
		{10F6F565-BA71-3AAD-B662-353FC44AEA95}.Debug|x64.Build.0 = Debug|x64
		{10F6F565-BA71-3AAD-B662-353FC44AEA95}.Release|x64.ActiveCfg = Release|x64
		{10F6F565-BA71-3AAD-B662-353FC44AEA95}.Release|x64.Build.0 = Release|x64
		{10F6F565-BA71-3AAD-B662-353FC44AEA95}.MinSizeRel|x64.ActiveCfg = MinSizeRel|x64
		{10F6F565-BA71-3AAD-B662-353FC44AEA95}.MinSizeRel|x64.Build.0 = MinSizeRel|x64
		{10F6F565-BA71-3AAD-B662-353FC44AEA95}.RelWithDebInfo|x64.ActiveCfg = RelWithDebInfo|x64
		{10F6F565-BA71-3AAD-B662-353FC44AEA95}.RelWithDebInfo|x64.Build.0 = RelWithDebInfo|x64
	EndGlobalSection
	GlobalSection(NestedProjects) = preSolution
		{F159EBE9-580B-38D3-83AE-1743CA6556A6} = {37884F8E-44DB-3BEA-A253-4A9565F30B20}
		{5DC8492A-E7B9-3B03-8FBB-56C846FF0907} = {37884F8E-44DB-3BEA-A253-4A9565F30B20}
		{B4E29D57-670F-3FED-924E-6A98FA05FB49} = {37884F8E-44DB-3BEA-A253-4A9565F30B20}
		{C64B742A-217B-3295-BE47-1651C69E6016} = {082DDBB3-B5AC-3856-A435-53614CD14924}
		{E66B2B5B-F562-30C4-B648-99200002A8F4} = {082DDBB3-B5AC-3856-A435-53614CD14924}
		{1B123430-362C-33BB-A08A-21E4ABB57BDF} = {082DDBB3-B5AC-3856-A435-53614CD14924}
		{494A7E2D-2259-33EE-9A4F-441EBB4B8AB2} = {082DDBB3-B5AC-3856-A435-53614CD14924}
		{C373F7EC-20DA-3D38-A63E-17F536E596AC} = {082DDBB3-B5AC-3856-A435-53614CD14924}
		{10F6F565-BA71-3AAD-B662-353FC44AEA95} = {082DDBB3-B5AC-3856-A435-53614CD14924}
	EndGlobalSection
	GlobalSection(ExtensibilityGlobals) = postSolution
		SolutionGuid = {F6DAC0D1-0791-3217-87E6-005A188A960E}
	EndGlobalSection
	GlobalSection(ExtensibilityAddIns) = postSolution
	EndGlobalSection
EndGlobal
