Microsoft Visual Studio Solution File, Format Version 12.00
# Visual Studio 15
Project("{2150E333-8FDC-42A3-9474-1A3956D46DE8}") = "CMake", "CMake", "{FA6AD0B4-52B3-3E1E-B9C8-28AA02577BB1}"
EndProject
Project("{2150E333-8FDC-42A3-9474-1A3956D46DE8}") = "SFML", "SFML", "{CE895DE2-F149-3C76-8CB3-C3DA9E652BE3}"
EndProject
Project("{8BC9CEB8-8B4A-11D0-8D11-00A0C91BC942}") = "ALL_BUILD", "ALL_BUILD.vcxproj", "{1ABE3DBB-46F0-344C-ABCA-C362AA45CFF1}"
	ProjectSection(ProjectDependencies) = postProject
		{D6D6069A-FFC0-37E6-9D97-EA6CDF076986} = {D6D6069A-FFC0-37E6-9D97-EA6CDF076986}
		{C568DB99-DA99-304E-AB93-24C858AA4D9F} = {C568DB99-DA99-304E-AB93-24C858AA4D9F}
		{32FAA830-6849-3F80-A6CD-ECB705BF3249} = {32FAA830-6849-3F80-A6CD-ECB705BF3249}
		{7BF057FA-E6F9-3CCE-B9F4-9905DE3F0561} = {7BF057FA-E6F9-3CCE-B9F4-9905DE3F0561}
		{C0B67474-1862-3135-918A-CC4F739F2DA1} = {C0B67474-1862-3135-918A-CC4F739F2DA1}
		{92437F60-F3C7-37C3-A9BA-B439585486C9} = {92437F60-F3C7-37C3-A9BA-B439585486C9}
		{79F7F2C4-11D8-32E6-ABB6-46E3D34EB02E} = {79F7F2C4-11D8-32E6-ABB6-46E3D34EB02E}
	EndProjectSection
EndProject
Project("{8BC9CEB8-8B4A-11D0-8D11-00A0C91BC942}") = "INSTALL", "INSTALL.vcxproj", "{6D084267-AD56-3E5F-A768-DF4E5F56E3EC}"
	ProjectSection(ProjectDependencies) = postProject
		{1ABE3DBB-46F0-344C-ABCA-C362AA45CFF1} = {1ABE3DBB-46F0-344C-ABCA-C362AA45CFF1}
		{D6D6069A-FFC0-37E6-9D97-EA6CDF076986} = {D6D6069A-FFC0-37E6-9D97-EA6CDF076986}
	EndProjectSection
EndProject
Project("{8BC9CEB8-8B4A-11D0-8D11-00A0C91BC942}") = "ZERO_CHECK", "ZERO_CHECK.vcxproj", "{D6D6069A-FFC0-37E6-9D97-EA6CDF076986}"
	ProjectSection(ProjectDependencies) = postProject
	EndProjectSection
EndProject
Project("{8BC9CEB8-8B4A-11D0-8D11-00A0C91BC942}") = "sfml-audio", "src\SFML\Audio\sfml-audio.vcxproj", "{C568DB99-DA99-304E-AB93-24C858AA4D9F}"
	ProjectSection(ProjectDependencies) = postProject
		{D6D6069A-FFC0-37E6-9D97-EA6CDF076986} = {D6D6069A-FFC0-37E6-9D97-EA6CDF076986}
		{92437F60-F3C7-37C3-A9BA-B439585486C9} = {92437F60-F3C7-37C3-A9BA-B439585486C9}
	EndProjectSection
EndProject
Project("{8BC9CEB8-8B4A-11D0-8D11-00A0C91BC942}") = "sfml-graphics", "src\SFML\Graphics\sfml-graphics.vcxproj", "{32FAA830-6849-3F80-A6CD-ECB705BF3249}"
	ProjectSection(ProjectDependencies) = postProject
		{D6D6069A-FFC0-37E6-9D97-EA6CDF076986} = {D6D6069A-FFC0-37E6-9D97-EA6CDF076986}
		{92437F60-F3C7-37C3-A9BA-B439585486C9} = {92437F60-F3C7-37C3-A9BA-B439585486C9}
		{79F7F2C4-11D8-32E6-ABB6-46E3D34EB02E} = {79F7F2C4-11D8-32E6-ABB6-46E3D34EB02E}
	EndProjectSection
EndProject
Project("{8BC9CEB8-8B4A-11D0-8D11-00A0C91BC942}") = "sfml-main", "src\SFML\Main\sfml-main.vcxproj", "{7BF057FA-E6F9-3CCE-B9F4-9905DE3F0561}"
	ProjectSection(ProjectDependencies) = postProject
		{D6D6069A-FFC0-37E6-9D97-EA6CDF076986} = {D6D6069A-FFC0-37E6-9D97-EA6CDF076986}
	EndProjectSection
EndProject
Project("{8BC9CEB8-8B4A-11D0-8D11-00A0C91BC942}") = "sfml-network", "src\SFML\Network\sfml-network.vcxproj", "{C0B67474-1862-3135-918A-CC4F739F2DA1}"
	ProjectSection(ProjectDependencies) = postProject
		{D6D6069A-FFC0-37E6-9D97-EA6CDF076986} = {D6D6069A-FFC0-37E6-9D97-EA6CDF076986}
		{92437F60-F3C7-37C3-A9BA-B439585486C9} = {92437F60-F3C7-37C3-A9BA-B439585486C9}
	EndProjectSection
EndProject
Project("{8BC9CEB8-8B4A-11D0-8D11-00A0C91BC942}") = "sfml-system", "src\SFML\System\sfml-system.vcxproj", "{92437F60-F3C7-37C3-A9BA-B439585486C9}"
	ProjectSection(ProjectDependencies) = postProject
		{D6D6069A-FFC0-37E6-9D97-EA6CDF076986} = {D6D6069A-FFC0-37E6-9D97-EA6CDF076986}
	EndProjectSection
EndProject
Project("{8BC9CEB8-8B4A-11D0-8D11-00A0C91BC942}") = "sfml-window", "src\SFML\Window\sfml-window.vcxproj", "{79F7F2C4-11D8-32E6-ABB6-46E3D34EB02E}"
	ProjectSection(ProjectDependencies) = postProject
		{D6D6069A-FFC0-37E6-9D97-EA6CDF076986} = {D6D6069A-FFC0-37E6-9D97-EA6CDF076986}
		{92437F60-F3C7-37C3-A9BA-B439585486C9} = {92437F60-F3C7-37C3-A9BA-B439585486C9}
	EndProjectSection
EndProject
Global
	GlobalSection(SolutionConfigurationPlatforms) = preSolution
		Debug|x64 = Debug|x64
		Release|x64 = Release|x64
		MinSizeRel|x64 = MinSizeRel|x64
		RelWithDebInfo|x64 = RelWithDebInfo|x64
	EndGlobalSection
	GlobalSection(ProjectConfigurationPlatforms) = postSolution
		{1ABE3DBB-46F0-344C-ABCA-C362AA45CFF1}.Debug|x64.ActiveCfg = Debug|x64
		{1ABE3DBB-46F0-344C-ABCA-C362AA45CFF1}.Debug|x64.Build.0 = Debug|x64
		{1ABE3DBB-46F0-344C-ABCA-C362AA45CFF1}.Release|x64.ActiveCfg = Release|x64
		{1ABE3DBB-46F0-344C-ABCA-C362AA45CFF1}.Release|x64.Build.0 = Release|x64
		{1ABE3DBB-46F0-344C-ABCA-C362AA45CFF1}.MinSizeRel|x64.ActiveCfg = MinSizeRel|x64
		{1ABE3DBB-46F0-344C-ABCA-C362AA45CFF1}.MinSizeRel|x64.Build.0 = MinSizeRel|x64
		{1ABE3DBB-46F0-344C-ABCA-C362AA45CFF1}.RelWithDebInfo|x64.ActiveCfg = RelWithDebInfo|x64
		{1ABE3DBB-46F0-344C-ABCA-C362AA45CFF1}.RelWithDebInfo|x64.Build.0 = RelWithDebInfo|x64
		{6D084267-AD56-3E5F-A768-DF4E5F56E3EC}.Debug|x64.ActiveCfg = Debug|x64
		{6D084267-AD56-3E5F-A768-DF4E5F56E3EC}.Release|x64.ActiveCfg = Release|x64
		{6D084267-AD56-3E5F-A768-DF4E5F56E3EC}.MinSizeRel|x64.ActiveCfg = MinSizeRel|x64
		{6D084267-AD56-3E5F-A768-DF4E5F56E3EC}.RelWithDebInfo|x64.ActiveCfg = RelWithDebInfo|x64
		{D6D6069A-FFC0-37E6-9D97-EA6CDF076986}.Debug|x64.ActiveCfg = Debug|x64
		{D6D6069A-FFC0-37E6-9D97-EA6CDF076986}.Debug|x64.Build.0 = Debug|x64
		{D6D6069A-FFC0-37E6-9D97-EA6CDF076986}.Release|x64.ActiveCfg = Release|x64
		{D6D6069A-FFC0-37E6-9D97-EA6CDF076986}.Release|x64.Build.0 = Release|x64
		{D6D6069A-FFC0-37E6-9D97-EA6CDF076986}.MinSizeRel|x64.ActiveCfg = MinSizeRel|x64
		{D6D6069A-FFC0-37E6-9D97-EA6CDF076986}.MinSizeRel|x64.Build.0 = MinSizeRel|x64
		{D6D6069A-FFC0-37E6-9D97-EA6CDF076986}.RelWithDebInfo|x64.ActiveCfg = RelWithDebInfo|x64
		{D6D6069A-FFC0-37E6-9D97-EA6CDF076986}.RelWithDebInfo|x64.Build.0 = RelWithDebInfo|x64
		{C568DB99-DA99-304E-AB93-24C858AA4D9F}.Debug|x64.ActiveCfg = Debug|x64
		{C568DB99-DA99-304E-AB93-24C858AA4D9F}.Debug|x64.Build.0 = Debug|x64
		{C568DB99-DA99-304E-AB93-24C858AA4D9F}.Release|x64.ActiveCfg = Release|x64
		{C568DB99-DA99-304E-AB93-24C858AA4D9F}.Release|x64.Build.0 = Release|x64
		{C568DB99-DA99-304E-AB93-24C858AA4D9F}.MinSizeRel|x64.ActiveCfg = MinSizeRel|x64
		{C568DB99-DA99-304E-AB93-24C858AA4D9F}.MinSizeRel|x64.Build.0 = MinSizeRel|x64
		{C568DB99-DA99-304E-AB93-24C858AA4D9F}.RelWithDebInfo|x64.ActiveCfg = RelWithDebInfo|x64
		{C568DB99-DA99-304E-AB93-24C858AA4D9F}.RelWithDebInfo|x64.Build.0 = RelWithDebInfo|x64
		{32FAA830-6849-3F80-A6CD-ECB705BF3249}.Debug|x64.ActiveCfg = Debug|x64
		{32FAA830-6849-3F80-A6CD-ECB705BF3249}.Debug|x64.Build.0 = Debug|x64
		{32FAA830-6849-3F80-A6CD-ECB705BF3249}.Release|x64.ActiveCfg = Release|x64
		{32FAA830-6849-3F80-A6CD-ECB705BF3249}.Release|x64.Build.0 = Release|x64
		{32FAA830-6849-3F80-A6CD-ECB705BF3249}.MinSizeRel|x64.ActiveCfg = MinSizeRel|x64
		{32FAA830-6849-3F80-A6CD-ECB705BF3249}.MinSizeRel|x64.Build.0 = MinSizeRel|x64
		{32FAA830-6849-3F80-A6CD-ECB705BF3249}.RelWithDebInfo|x64.ActiveCfg = RelWithDebInfo|x64
		{32FAA830-6849-3F80-A6CD-ECB705BF3249}.RelWithDebInfo|x64.Build.0 = RelWithDebInfo|x64
		{7BF057FA-E6F9-3CCE-B9F4-9905DE3F0561}.Debug|x64.ActiveCfg = Debug|x64
		{7BF057FA-E6F9-3CCE-B9F4-9905DE3F0561}.Debug|x64.Build.0 = Debug|x64
		{7BF057FA-E6F9-3CCE-B9F4-9905DE3F0561}.Release|x64.ActiveCfg = Release|x64
		{7BF057FA-E6F9-3CCE-B9F4-9905DE3F0561}.Release|x64.Build.0 = Release|x64
		{7BF057FA-E6F9-3CCE-B9F4-9905DE3F0561}.MinSizeRel|x64.ActiveCfg = MinSizeRel|x64
		{7BF057FA-E6F9-3CCE-B9F4-9905DE3F0561}.MinSizeRel|x64.Build.0 = MinSizeRel|x64
		{7BF057FA-E6F9-3CCE-B9F4-9905DE3F0561}.RelWithDebInfo|x64.ActiveCfg = RelWithDebInfo|x64
		{7BF057FA-E6F9-3CCE-B9F4-9905DE3F0561}.RelWithDebInfo|x64.Build.0 = RelWithDebInfo|x64
		{C0B67474-1862-3135-918A-CC4F739F2DA1}.Debug|x64.ActiveCfg = Debug|x64
		{C0B67474-1862-3135-918A-CC4F739F2DA1}.Debug|x64.Build.0 = Debug|x64
		{C0B67474-1862-3135-918A-CC4F739F2DA1}.Release|x64.ActiveCfg = Release|x64
		{C0B67474-1862-3135-918A-CC4F739F2DA1}.Release|x64.Build.0 = Release|x64
		{C0B67474-1862-3135-918A-CC4F739F2DA1}.MinSizeRel|x64.ActiveCfg = MinSizeRel|x64
		{C0B67474-1862-3135-918A-CC4F739F2DA1}.MinSizeRel|x64.Build.0 = MinSizeRel|x64
		{C0B67474-1862-3135-918A-CC4F739F2DA1}.RelWithDebInfo|x64.ActiveCfg = RelWithDebInfo|x64
		{C0B67474-1862-3135-918A-CC4F739F2DA1}.RelWithDebInfo|x64.Build.0 = RelWithDebInfo|x64
		{92437F60-F3C7-37C3-A9BA-B439585486C9}.Debug|x64.ActiveCfg = Debug|x64
		{92437F60-F3C7-37C3-A9BA-B439585486C9}.Debug|x64.Build.0 = Debug|x64
		{92437F60-F3C7-37C3-A9BA-B439585486C9}.Release|x64.ActiveCfg = Release|x64
		{92437F60-F3C7-37C3-A9BA-B439585486C9}.Release|x64.Build.0 = Release|x64
		{92437F60-F3C7-37C3-A9BA-B439585486C9}.MinSizeRel|x64.ActiveCfg = MinSizeRel|x64
		{92437F60-F3C7-37C3-A9BA-B439585486C9}.MinSizeRel|x64.Build.0 = MinSizeRel|x64
		{92437F60-F3C7-37C3-A9BA-B439585486C9}.RelWithDebInfo|x64.ActiveCfg = RelWithDebInfo|x64
		{92437F60-F3C7-37C3-A9BA-B439585486C9}.RelWithDebInfo|x64.Build.0 = RelWithDebInfo|x64
		{79F7F2C4-11D8-32E6-ABB6-46E3D34EB02E}.Debug|x64.ActiveCfg = Debug|x64
		{79F7F2C4-11D8-32E6-ABB6-46E3D34EB02E}.Debug|x64.Build.0 = Debug|x64
		{79F7F2C4-11D8-32E6-ABB6-46E3D34EB02E}.Release|x64.ActiveCfg = Release|x64
		{79F7F2C4-11D8-32E6-ABB6-46E3D34EB02E}.Release|x64.Build.0 = Release|x64
		{79F7F2C4-11D8-32E6-ABB6-46E3D34EB02E}.MinSizeRel|x64.ActiveCfg = MinSizeRel|x64
		{79F7F2C4-11D8-32E6-ABB6-46E3D34EB02E}.MinSizeRel|x64.Build.0 = MinSizeRel|x64
		{79F7F2C4-11D8-32E6-ABB6-46E3D34EB02E}.RelWithDebInfo|x64.ActiveCfg = RelWithDebInfo|x64
		{79F7F2C4-11D8-32E6-ABB6-46E3D34EB02E}.RelWithDebInfo|x64.Build.0 = RelWithDebInfo|x64
	EndGlobalSection
	GlobalSection(NestedProjects) = preSolution
		{1ABE3DBB-46F0-344C-ABCA-C362AA45CFF1} = {FA6AD0B4-52B3-3E1E-B9C8-28AA02577BB1}
		{6D084267-AD56-3E5F-A768-DF4E5F56E3EC} = {FA6AD0B4-52B3-3E1E-B9C8-28AA02577BB1}
		{D6D6069A-FFC0-37E6-9D97-EA6CDF076986} = {FA6AD0B4-52B3-3E1E-B9C8-28AA02577BB1}
		{C568DB99-DA99-304E-AB93-24C858AA4D9F} = {CE895DE2-F149-3C76-8CB3-C3DA9E652BE3}
		{32FAA830-6849-3F80-A6CD-ECB705BF3249} = {CE895DE2-F149-3C76-8CB3-C3DA9E652BE3}
		{7BF057FA-E6F9-3CCE-B9F4-9905DE3F0561} = {CE895DE2-F149-3C76-8CB3-C3DA9E652BE3}
		{C0B67474-1862-3135-918A-CC4F739F2DA1} = {CE895DE2-F149-3C76-8CB3-C3DA9E652BE3}
		{92437F60-F3C7-37C3-A9BA-B439585486C9} = {CE895DE2-F149-3C76-8CB3-C3DA9E652BE3}
		{79F7F2C4-11D8-32E6-ABB6-46E3D34EB02E} = {CE895DE2-F149-3C76-8CB3-C3DA9E652BE3}
	EndGlobalSection
	GlobalSection(ExtensibilityGlobals) = postSolution
		SolutionGuid = {BF62DE8E-34F2-3E15-BCCA-9E299F25E30F}
	EndGlobalSection
	GlobalSection(ExtensibilityAddIns) = postSolution
	EndGlobalSection
EndGlobal
