<?xml version="1.0" encoding="utf-8"?>
<Project ToolsVersion="15.0" xmlns="http://schemas.microsoft.com/developer/msbuild/2003">
  <ItemGroup>
    <CustomBuild Include="D:\Programmieren\TH\RL\lib\SFML\CMakeFiles\fb666fa3b738c57a47c3ae1773657645\generate.stamp.rule">
      <Filter>CMake Rules</Filter>
    </CustomBuild>
  </ItemGroup>
  <ItemGroup>
    <Filter Include="CMake Rules">
      <UniqueIdentifier>{4C6D410B-10F4-320F-A04D-1F36CF329E01}</UniqueIdentifier>
    </Filter>
  </ItemGroup>
</Project>
