<?xml version="1.0" encoding="utf-8"?>
<Project ToolsVersion="4.0" xmlns="http://schemas.microsoft.com/developer/msbuild/2003">
  <ItemGroup>
    <Filter Include="main">
      <UniqueIdentifier>{4FC737F1-C7A5-4376-A066-2A32D752A2FF}</UniqueIdentifier>
      <Extensions>cpp;c;cc;cxx;def;odl;idl;hpj;bat;asm;asmx</Extensions>
    </Filter>
    <Filter Include="Arena">
      <UniqueIdentifier>{78cb0bd3-b513-4a89-8aa0-14b342511b25}</UniqueIdentifier>
    </Filter>
    <Filter Include="Actor">
      <UniqueIdentifier>{06691ec1-2086-4b80-9dc0-a5ea5539ad63}</UniqueIdentifier>
    </Filter>
    <Filter Include="Actor\Agent">
      <UniqueIdentifier>{7b56d0fe-3ca6-4613-933c-7aa24bd1d0f8}</UniqueIdentifier>
    </Filter>
    <Filter Include="Actor\Agent\Random_Agent">
      <UniqueIdentifier>{ebb0f106-dc53-4421-bd4f-1f25627d9595}</UniqueIdentifier>
    </Filter>
    <Filter Include="Environment">
      <UniqueIdentifier>{53bb9d70-ddb1-4823-be36-c80e4c357ad6}</UniqueIdentifier>
    </Filter>
    <Filter Include="Utility">
      <UniqueIdentifier>{7c9bc6db-3baf-4e9f-9737-b2b9eadbf9cb}</UniqueIdentifier>
    </Filter>
    <Filter Include="Actor\Human_Player">
      <UniqueIdentifier>{d8701fd1-d15f-414a-86ec-a9c2c78e2551}</UniqueIdentifier>
    </Filter>
    <Filter Include="Environment\Games">
      <UniqueIdentifier>{8104f867-a381-43f3-8cab-827fcbf756e6}</UniqueIdentifier>
    </Filter>
    <Filter Include="Environment\Games\Eight_Puzzle">
      <UniqueIdentifier>{0273a93b-5e36-4b5c-a3de-6a4ea62ceb36}</UniqueIdentifier>
    </Filter>
    <Filter Include="Environment\Games\Snake">
      <UniqueIdentifier>{396f19d8-a399-4031-879d-c42218bde956}</UniqueIdentifier>
    </Filter>
    <Filter Include="Actor\Agent\MCTS_Agent">
      <UniqueIdentifier>{acbf19b0-bf96-404c-8892-977f2a7e4588}</UniqueIdentifier>
    </Filter>
    <Filter Include="Actor\Agent\Reflex_Agent">
      <UniqueIdentifier>{de377cdf-2145-4036-95c2-0eccc0a05459}</UniqueIdentifier>
    </Filter>
    <Filter Include="Environment\Games\Pong">
      <UniqueIdentifier>{4224b1a5-7016-43f7-98d5-dec331835e54}</UniqueIdentifier>
    </Filter>
    <Filter Include="Actor\Agent\TD_Agent">
      <UniqueIdentifier>{9257491b-c19a-4570-b2d1-bf34f5fb65a1}</UniqueIdentifier>
    </Filter>
  </ItemGroup>
  <ItemGroup>
    <ClCompile Include="main.cpp">
      <Filter>main</Filter>
    </ClCompile>
    <ClCompile Include="Eight_Puzzle.cpp">
      <Filter>Environment\Games\Eight_Puzzle</Filter>
    </ClCompile>
    <ClCompile Include="Eight_Puzzle_Graphics.cpp">
      <Filter>Environment\Games\Eight_Puzzle</Filter>
    </ClCompile>
    <ClCompile Include="Random_Agent.cpp">
      <Filter>Actor\Agent\Random_Agent</Filter>
    </ClCompile>
    <ClCompile Include="Agent.cpp">
      <Filter>Actor\Agent</Filter>
    </ClCompile>
    <ClCompile Include="Arena.cpp">
      <Filter>Arena</Filter>
    </ClCompile>
    <ClCompile Include="Snake_Entity.cpp">
      <Filter>Environment\Games\Snake</Filter>
    </ClCompile>
    <ClCompile Include="Snake_World.cpp">
      <Filter>Environment\Games\Snake</Filter>
    </ClCompile>
    <ClCompile Include="Snake_Human_Player.cpp">
      <Filter>Environment\Games\Snake</Filter>
    </ClCompile>
    <ClCompile Include="Environment.cpp">
      <Filter>Environment</Filter>
    </ClCompile>
    <ClCompile Include="Human_Player.cpp">
      <Filter>Actor\Human_Player</Filter>
    </ClCompile>
    <ClCompile Include="Game_Graphics.cpp">
      <Filter>Environment\Games</Filter>
    </ClCompile>
    <ClCompile Include="Snake_Game.cpp">
      <Filter>Environment\Games\Snake</Filter>
    </ClCompile>
    <ClCompile Include="Snake_Graphics.cpp">
      <Filter>Environment\Games\Snake</Filter>
    </ClCompile>
    <ClCompile Include="Game.cpp">
      <Filter>Environment\Games</Filter>
    </ClCompile>
    <ClCompile Include="MCTS_Agent.cpp">
      <Filter>Actor\Agent\MCTS_Agent</Filter>
    </ClCompile>
    <ClCompile Include="Reflex_Agent.cpp">
      <Filter>Actor\Agent\Reflex_Agent</Filter>
    </ClCompile>
    <ClCompile Include="Paddle.cpp">
      <Filter>Environment\Games\Pong</Filter>
    </ClCompile>
    <ClCompile Include="Pong_Game.cpp">
      <Filter>Environment\Games\Pong</Filter>
    </ClCompile>
    <ClCompile Include="Pong_Graphics.cpp">
      <Filter>Environment\Games\Pong</Filter>
    </ClCompile>
    <ClCompile Include="Pong_World.cpp">
      <Filter>Environment\Games\Pong</Filter>
    </ClCompile>
    <ClCompile Include="Pong_Human_Player.cpp">
      <Filter>Environment\Games\Pong</Filter>
    </ClCompile>
    <ClCompile Include="TD_Agent.cpp">
      <Filter>Actor\Agent\TD_Agent</Filter>
    </ClCompile>
    <ClCompile Include="Network.cpp">
      <Filter>Actor\Agent\TD_Agent</Filter>
    </ClCompile>
    <ClCompile Include="Neuron.cpp">
      <Filter>Actor\Agent\TD_Agent</Filter>
    </ClCompile>
  </ItemGroup>
  <ItemGroup>
    <ClInclude Include="Eight_Puzzle.h">
      <Filter>Environment\Games\Eight_Puzzle</Filter>
    </ClInclude>
    <ClInclude Include="Eight_Puzzle_Graphics.h">
      <Filter>Environment\Games\Eight_Puzzle</Filter>
    </ClInclude>
    <ClInclude Include="Random_Agent.h">
      <Filter>Actor\Agent\Random_Agent</Filter>
    </ClInclude>
    <ClInclude Include="Agent.h">
      <Filter>Actor\Agent</Filter>
    </ClInclude>
    <ClInclude Include="Actor.h">
      <Filter>Actor</Filter>
    </ClInclude>
    <ClInclude Include="Utility.h">
      <Filter>Utility</Filter>
    </ClInclude>
    <ClInclude Include="Types.h">
      <Filter>Utility</Filter>
    </ClInclude>
    <ClInclude Include="Snake_Entity.h">
      <Filter>Environment\Games\Snake</Filter>
    </ClInclude>
    <ClInclude Include="Snake_World.h">
      <Filter>Environment\Games\Snake</Filter>
    </ClInclude>
    <ClInclude Include="Snake_Human_Player.h">
      <Filter>Environment\Games\Snake</Filter>
    </ClInclude>
    <ClInclude Include="Environment.h">
      <Filter>Environment</Filter>
    </ClInclude>
    <ClInclude Include="Human_Player.h">
      <Filter>Actor\Human_Player</Filter>
    </ClInclude>
    <ClInclude Include="Game.h">
      <Filter>Environment\Games</Filter>
    </ClInclude>
    <ClInclude Include="Game_Graphics.h">
      <Filter>Environment\Games</Filter>
    </ClInclude>
    <ClInclude Include="Arena.h">
      <Filter>Arena</Filter>
    </ClInclude>
    <ClInclude Include="Snake_Game.h">
      <Filter>Environment\Games\Snake</Filter>
    </ClInclude>
    <ClInclude Include="Snake_Graphics.h">
      <Filter>Environment\Games\Snake</Filter>
    </ClInclude>
    <ClInclude Include="MCTS_Agent.h">
      <Filter>Actor\Agent\MCTS_Agent</Filter>
    </ClInclude>
    <ClInclude Include="Paddle.h">
      <Filter>Environment\Games\Pong</Filter>
    </ClInclude>
    <ClInclude Include="Pong_Game.h">
      <Filter>Environment\Games\Pong</Filter>
    </ClInclude>
    <ClInclude Include="Pong_Graphics.h">
      <Filter>Environment\Games\Pong</Filter>
    </ClInclude>
    <ClInclude Include="Pong_World.h">
      <Filter>Environment\Games\Pong</Filter>
    </ClInclude>
    <ClInclude Include="Pong_Human_Player.h">
      <Filter>Environment\Games\Pong</Filter>
    </ClInclude>
    <ClInclude Include="TD_Agent.h">
      <Filter>Actor\Agent\TD_Agent</Filter>
    </ClInclude>
    <ClInclude Include="Network.h">
      <Filter>Actor\Agent\TD_Agent</Filter>
    </ClInclude>
    <ClInclude Include="Neuron.h">
      <Filter>Actor\Agent\TD_Agent</Filter>
    </ClInclude>
    <ClInclude Include="Reflex_Agent.h">
      <Filter>Actor\Agent\Reflex_Agent</Filter>
    </ClInclude>
  </ItemGroup>
</Project>