<?xml version="1.0" encoding="utf-8"?>
<Project ToolsVersion="4.0" xmlns="http://schemas.microsoft.com/developer/msbuild/2003">
  <ItemGroup>
    <Filter Include="Ressourcendateien">
      <UniqueIdentifier>{67DA6AB6-F800-4c08-8B7A-83BB121AAD01}</UniqueIdentifier>
      <Extensions>rc;ico;cur;bmp;dlg;rc2;rct;bin;rgs;gif;jpg;jpeg;jpe;resx;tiff;tif;png;wav;mfcribbon-ms</Extensions>
    </Filter>
    <Filter Include="Game">
      <UniqueIdentifier>{53bb9d70-ddb1-4823-be36-c80e4c357ad6}</UniqueIdentifier>
    </Filter>
    <Filter Include="main">
      <UniqueIdentifier>{4FC737F1-C7A5-4376-A066-2A32D752A2FF}</UniqueIdentifier>
      <Extensions>cpp;c;cc;cxx;def;odl;idl;hpj;bat;asm;asmx</Extensions>
    </Filter>
    <Filter Include="Game\Eight_Puzzle">
      <UniqueIdentifier>{0273a93b-5e36-4b5c-a3de-6a4ea62ceb36}</UniqueIdentifier>
    </Filter>
    <Filter Include="AI">
      <UniqueIdentifier>{7b56d0fe-3ca6-4613-933c-7aa24bd1d0f8}</UniqueIdentifier>
    </Filter>
    <Filter Include="AI\Random_Agent">
      <UniqueIdentifier>{ebb0f106-dc53-4421-bd4f-1f25627d9595}</UniqueIdentifier>
    </Filter>
    <Filter Include="Scene">
      <UniqueIdentifier>{78cb0bd3-b513-4a89-8aa0-14b342511b25}</UniqueIdentifier>
    </Filter>
    <Filter Include="Actor">
      <UniqueIdentifier>{01b6c250-4fb7-44c6-b76b-2be4abe407fe}</UniqueIdentifier>
    </Filter>
  </ItemGroup>
  <ItemGroup>
    <ClCompile Include="main.cpp">
      <Filter>main</Filter>
    </ClCompile>
    <ClCompile Include="Game.cpp">
      <Filter>Game</Filter>
    </ClCompile>
    <ClCompile Include="Game_Graphics.cpp">
      <Filter>Game</Filter>
    </ClCompile>
    <ClCompile Include="Eight_Puzzle.cpp">
      <Filter>Game\Eight_Puzzle</Filter>
    </ClCompile>
    <ClCompile Include="Eight_Puzzle_Graphics.cpp">
      <Filter>Game\Eight_Puzzle</Filter>
    </ClCompile>
  </ItemGroup>
  <ItemGroup>
    <ClInclude Include="Game.h">
      <Filter>Game</Filter>
    </ClInclude>
    <ClInclude Include="Game_Graphics.h">
      <Filter>Game</Filter>
    </ClInclude>
    <ClInclude Include="Eight_Puzzle.h">
      <Filter>Game\Eight_Puzzle</Filter>
    </ClInclude>
    <ClInclude Include="I_Observable_Environment.h">
      <Filter>Game</Filter>
    </ClInclude>
    <ClInclude Include="Eight_Puzzle_Graphics.h">
      <Filter>Game\Eight_Puzzle</Filter>
    </ClInclude>
    <ClInclude Include="Random_Agent.h">
      <Filter>AI\Random_Agent</Filter>
    </ClInclude>
    <ClInclude Include="Agent.h">
      <Filter>AI</Filter>
    </ClInclude>
    <ClInclude Include="Scene.h">
      <Filter>Scene</Filter>
    </ClInclude>
    <ClInclude Include="Actor.h">
      <Filter>Actor</Filter>
    </ClInclude>
  </ItemGroup>
</Project>